{
  "pins" : [
    {
      "identity" : "indianflagsmokeeffect",
      "kind" : "remoteSourceControl",
      "location" : "https://github.com/pavan-kumar-arepu/IndianFlagSmokeEffect.git",
      "state" : {
        "branch" : "Master",
        "revision" : "190266706358f178d4014ceb05c44eb661f33c96"
      }
    }
  ],
  "version" : 2
}
