{
  "pins" : [
    {
      "identity" : "indianflagsmokeeffect-swiftpackage",
      "kind" : "remoteSourceControl",
      "location" : "https://github.com/pavan-kumar-arepu/IndianFlagSmokeEffect-SwiftPackage.git",
      "state" : {
        "branch" : "Master",
        "revision" : "f5445cc69e23e399b84a6cfae46fd7da3e773a85"
      }
    }
  ],
  "version" : 2
}
