{
  "pins" : [
    {
      "identity" : "indianflagsmokeeffect",
      "kind" : "remoteSourceControl",
      "location" : "https://github.com/pavan-kumar-arepu/IndianFlagSmokeEffect.git",
      "state" : {
        "branch" : "Master",
        "revision" : "9918c70270fceaa65f7f859f055931865c321d47"
      }
    }
  ],
  "version" : 2
}
